# -------------------------------------------------------------------------- #
#
# Copyright (C) 2020  Intel Corporation. All rights reserved.
# Your use of Intel Corporation's design tools, logic functions 
# and other software and tools, and any partner logic 
# functions, and any output files from any of the foregoing 
# (including device programming or simulation files), and any 
# associated documentation or information are expressly subject 
# to the terms and conditions of the Intel Program License 
# Subscription Agreement, the Intel Quartus Prime License Agreement,
# the Intel FPGA IP License Agreement, or other applicable license
# agreement, including, without limitation, that your use is for
# the sole purpose of programming logic devices manufactured by
# Intel and sold by Intel or its authorized distributors.  Please
# refer to the applicable agreement for further details, at
# https://fpgasoftware.intel.com/eula.
#
# -------------------------------------------------------------------------- #
#
# Quartus Prime
# Version 20.1.1 Build 720 11/11/2020 SJ Lite Edition
# Date created = 09:11:28  April 19, 2022
#
# -------------------------------------------------------------------------- #
#
# Notes:
#
# 1) The default values for assignments are stored in the file:
#		de0-nano-test-setup_assignment_defaults.qdf
#    If this file doesn't exist, see file:
#		assignment_defaults.qdf
#
# 2) Altera recommends that you do not modify this file. This
#    file is updated automatically by the Quartus Prime software
#    and any changes you make may be lost or overwritten.
#
# -------------------------------------------------------------------------- #


set_global_assignment -name FAMILY "Cyclone IV E"
set_global_assignment -name DEVICE EP4CE22F17C6
set_global_assignment -name TOP_LEVEL_ENTITY neorv32_test_setup_bootloader
set_global_assignment -name ORIGINAL_QUARTUS_VERSION 20.1.0
set_global_assignment -name PROJECT_CREATION_TIME_DATE "16:40:53  APRIL 10, 2021"
set_global_assignment -name LAST_QUARTUS_VERSION "20.1.1 Lite Edition"
set_global_assignment -name PROJECT_OUTPUT_DIRECTORY output_files
set_global_assignment -name MIN_CORE_JUNCTION_TEMP 0
set_global_assignment -name MAX_CORE_JUNCTION_TEMP 85
set_global_assignment -name ERROR_CHECK_FREQUENCY_DIVISOR 1
# vhdl files
set_global_assignment -name VHDL_FILE ./../../rtl/core/neorv32_cpu_regfile.vhd -library neorv32
set_global_assignment -name VHDL_FILE ./../../rtl/core/neorv32_application_image.vhd -library neorv32
set_global_assignment -name VHDL_FILE ./../../rtl/core/neorv32_bootloader_image.vhd -library neorv32
set_global_assignment -name VHDL_FILE ./../../rtl/core/neorv32_boot_rom.vhd -library neorv32
set_global_assignment -name VHDL_FILE ./../../rtl/core/neorv32_busswitch.vhd -library neorv32
set_global_assignment -name VHDL_FILE ./../../rtl/core/neorv32_bus_keeper.vhd -library neorv32
set_global_assignment -name VHDL_FILE ./../../rtl/core/neorv32_cfs.vhd -library neorv32
set_global_assignment -name VHDL_FILE ./../../rtl/core/neorv32_cpu.vhd -library neorv32
set_global_assignment -name VHDL_FILE ./../../rtl/core/neorv32_cpu_alu.vhd -library neorv32
set_global_assignment -name VHDL_FILE ./../../rtl/core/neorv32_cpu_bus.vhd -library neorv32
set_global_assignment -name VHDL_FILE ./../../rtl/core/neorv32_cpu_control.vhd -library neorv32
set_global_assignment -name VHDL_FILE ./../../rtl/core/neorv32_cpu_cp_bitmanip.vhd -library neorv32
set_global_assignment -name VHDL_FILE ./../../rtl/core/neorv32_cpu_cp_fpu.vhd -library neorv32
set_global_assignment -name VHDL_FILE ./../../rtl/core/neorv32_cpu_cp_muldiv.vhd -library neorv32
set_global_assignment -name VHDL_FILE ./../../rtl/core/neorv32_cpu_cp_shifter.vhd -library neorv32
set_global_assignment -name VHDL_FILE ./../../rtl/core/neorv32_cpu_decompressor.vhd -library neorv32
set_global_assignment -name VHDL_FILE ./../../rtl/core/neorv32_debug_dm.vhd -library neorv32
set_global_assignment -name VHDL_FILE ./../../rtl/core/neorv32_debug_dtm.vhd -library neorv32
set_global_assignment -name VHDL_FILE ./../../rtl/core/neorv32_dmem.entity.vhd -library neorv32
set_global_assignment -name VHDL_FILE ./../../rtl/core/neorv32_fifo.vhd -library neorv32
set_global_assignment -name VHDL_FILE ./../../rtl/core/neorv32_gpio.vhd -library neorv32
set_global_assignment -name VHDL_FILE ./../../rtl/core/neorv32_gptmr.vhd -library neorv32
set_global_assignment -name VHDL_FILE ./../../rtl/core/neorv32_icache.vhd -library neorv32
set_global_assignment -name VHDL_FILE ./../../rtl/core/neorv32_imem.entity.vhd -library neorv32
set_global_assignment -name VHDL_FILE ./../../rtl/core/neorv32_mtime.vhd -library neorv32
set_global_assignment -name VHDL_FILE ./../../rtl/core/neorv32_neoled.vhd -library neorv32
set_global_assignment -name VHDL_FILE ./../../rtl/core/neorv32_package.vhd -library neorv32
set_global_assignment -name VHDL_FILE ./../../rtl/core/neorv32_pwm.vhd -library neorv32
set_global_assignment -name VHDL_FILE ./../../rtl/core/neorv32_slink.vhd -library neorv32
set_global_assignment -name VHDL_FILE ./../../rtl/core/neorv32_spi.vhd -library neorv32
set_global_assignment -name VHDL_FILE ./../../rtl/core/neorv32_sysinfo.vhd -library neorv32
set_global_assignment -name VHDL_FILE ./../../rtl/core/neorv32_top.vhd -library neorv32
set_global_assignment -name VHDL_FILE ./../../rtl/core/neorv32_trng.vhd -library neorv32
set_global_assignment -name VHDL_FILE ./../../rtl/core/neorv32_twi.vhd -library neorv32
set_global_assignment -name VHDL_FILE ./../../rtl/core/neorv32_uart.vhd -library neorv32
set_global_assignment -name VHDL_FILE ./../../rtl/core/neorv32_wdt.vhd -library neorv32
set_global_assignment -name VHDL_FILE ./../../rtl/core/neorv32_wishbone.vhd -library neorv32
set_global_assignment -name VHDL_FILE ./../../rtl/core/neorv32_xirq.vhd -library neorv32
set_global_assignment -name VHDL_FILE ./../../rtl/core/mem/neorv32_dmem.default.vhd -library neorv32
set_global_assignment -name VHDL_FILE ./../../rtl/core/mem/neorv32_imem.default.vhd -library neorv32
set_global_assignment -name VHDL_FILE neorv32_test_setup_bootloader.vhd
set_global_assignment -name POWER_PRESET_COOLING_SOLUTION "23 MM HEAT SINK WITH 200 LFPM AIRFLOW"
set_global_assignment -name POWER_BOARD_THERMAL_MODEL "NONE (CONSERVATIVE)"
set_global_assignment -name PARTITION_NETLIST_TYPE SOURCE -section_id Top
set_global_assignment -name PARTITION_FITTER_PRESERVATION_LEVEL PLACEMENT_AND_ROUTING -section_id Top
set_global_assignment -name PARTITION_COLOR 16764057 -section_id Top
# clock signal
set_location_assignment PIN_R8 -to clk_i
# embedded LEDs
set_location_assignment PIN_T14 -to gpio_o[7]
set_location_assignment PIN_B1 -to gpio_o[6]
set_location_assignment PIN_F3 -to gpio_o[5]
set_location_assignment PIN_D1 -to gpio_o[4]
set_location_assignment PIN_A11 -to gpio_o[3]
set_location_assignment PIN_B13 -to gpio_o[2]
set_location_assignment PIN_A13 -to gpio_o[1]
set_location_assignment PIN_A15 -to gpio_o[0]
# reset button
set_location_assignment PIN_J15 -to rstn_i
# uart0
set_location_assignment PIN_D3 -to uart0_txd_o
set_location_assignment PIN_C3 -to uart0_rxd_i
# uart1
set_location_assignment PIN_A3 -to uart1_txd_o
set_location_assignment PIN_B5 -to uart1_rxd_i
# spi connections
set_location_assignment PIN_A2 -to spi_sck_o
set_location_assignment PIN_B3 -to spi_sdo_o
set_location_assignment PIN_A4 -to spi_sdi_i
set_location_assignment PIN_A5 -to spi_csn_o[0]
set_location_assignment PIN_B6 -to spi_csn_o[1]
set_location_assignment PIN_B7 -to spi_csn_o[2]
set_location_assignment PIN_A7 -to spi_csn_o[3]
set_location_assignment PIN_C8 -to spi_csn_o]4]
set_location_assignment PIN_E7 -to spi_csn_o[5]
set_location_assignment PIN_E8 -to spi_csn_o[6]
set_location_assignment PIN_F9 -to spi_csn_o[7]
# gpi connections
set_location_assignment PIN_E1 -to gpio_i[0]
set_location_assignment PIN_M1 -to gpio_i[1]
set_location_assignment PIN_T8 -to gpio_i[2]
set_location_assignment PIN_B9 -to gpio_i[3]
set_location_assignment PIN_M15 -to gpio_i[4]
set_location_assignment PIN_F13 -to gpio_i[5]
set_location_assignment PIN_T15 -to gpio_i[6]
set_location_assignment PIN_T13 -to gpio_i[7]
set_location_assignment PIN_T12 -to gpio_i[8]
set_location_assignment PIN_T11 -to gpio_i[9]
set_location_assignment PIN_R11 -to gpio_i[10]
set_location_assignment PIN_R10 -to gpio_i[11]
set_location_assignment PIN_P9 -to gpio_i[12]
set_location_assignment PIN_N11 -to gpio_i[13]
set_location_assignment PIN_K16 -to gpio_i[14]
set_location_assignment PIN_L15 -to gpio_i[15]
set_location_assignment PIN_P16 -to gpio_i[16]
set_location_assignment PIN_N16 -to gpio_i[17]
set_location_assignment PIN_P14 -to gpio_i[18]
set_location_assignment PIN_N14 -to gpio_i[19]
set_location_assignment PIN_L13 -to gpio_i[20]
set_location_assignment PIN_K15 -to gpio_i[21]
# gpo connections
set_location_assignment PIN_R13 -to gpio_o[8]
set_location_assignment PIN_R12 -to gpio_o[9]
set_location_assignment PIN_T10 -to gpio_o[10]
set_location_assignment PIN_P11 -to gpio_o[11]
set_location_assignment PIN_N12 -to gpio_o[12]
set_location_assignment PIN_N9 -to gpio_o[13]
set_location_assignment PIN_L16 -to gpio_o[14]
set_location_assignment PIN_R16 -to gpio_o[15]
set_location_assignment PIN_P15 -to gpio_o[16]
set_location_assignment PIN_R14 -to gpio_o[17]
set_location_assignment PIN_N15 -to gpio_o[18]
set_location_assignment PIN_L14 -to gpio_o[19]
set_location_assignment PIN_M10 -to gpio_o[20]
set_location_assignment PIN_J16 -to gpio_o[21]
# dotherboard select connections
set_location_assignment PIN_B16 -to gpio_o[22]
set_location_assignment PIN_C14 -to gpio_o[23]
# dotherboard data connections
set_location_assignment PIN_C16 -to gpio_o[24]
set_location_assignment PIN_C15 -to gpio_o[25]
set_location_assignment PIN_D16 -to gpio_o[26]
set_location_assignment PIN_D15 -to gpio_o[27]
set_location_assignment PIN_D14 -to gpio_o[28]
set_location_assignment PIN_F15 -to gpio_o[29]
set_location_assignment PIN_F16 -to gpio_o[30]
set_location_assignment PIN_F14 -to gpio_o[31]
# pwm connections
set_location_assignment PIN_C9 -to pwm_o[0]
set_location_assignment PIN_D9 -to pwm_o[1]
set_location_assignment PIN_E11 -to pwm_o[2]
set_location_assignment PIN_E10 -to pwm_o[3]
set_location_assignment PIN_C11 -to pwm_o[4]
set_location_assignment PIN_B11 -to pwm_o[5]
set_location_assignment PIN_A12 -to pwm_o[6]
set_location_assignment PIN_D11 -to pwm_o[7]
set_location_assignment PIN_D12 -to pwm_o[8]
set_location_assignment PIN_B12 -to pwm_o[9]
# external interrupts
set_location_assignment PIN_J13 -to xirq_i[0]
set_location_assignment PIN_J14 -to xirq_i[1]
## logic levels
# clock signal
set_instance_assignment -name IO_STANDARD "3.3-V LVTTL" -to clk_i
# embedded LEDs
set_instance_assignment -name IO_STANDARD "3.3-V LVTTL" -to gpio_o[7]
set_instance_assignment -name IO_STANDARD "3.3-V LVTTL" -to gpio_o[6]
set_instance_assignment -name IO_STANDARD "3.3-V LVTTL" -to gpio_o[5]
set_instance_assignment -name IO_STANDARD "3.3-V LVTTL" -to gpio_o[4]
set_instance_assignment -name IO_STANDARD "3.3-V LVTTL" -to gpio_o[3]
set_instance_assignment -name IO_STANDARD "3.3-V LVTTL" -to gpio_o[2]
set_instance_assignment -name IO_STANDARD "3.3-V LVTTL" -to gpio_o[1]
set_instance_assignment -name IO_STANDARD "3.3-V LVTTL" -to gpio_o[0]
# reset button
set_instance_assignment -name IO_STANDARD "3.3-V LVTTL" -to rstn_i
# uart0
set_instance_assignment -name IO_STANDARD "3.3-V LVTTL" -to uart0_txd_o
set_instance_assignment -name IO_STANDARD "3.3-V LVTTL" -to uart0_rxd_i
# uart1
set_instance_assignment -name IO_STANDARD "3.3-V LVTTL" -to uart1_txd_o
set_instance_assignment -name IO_STANDARD "3.3-V LVTTL" -to uart1_rxd_i
# spi connections
set_instance_assignment -name IO_STANDARD "3.3-V LVTTL" -to spi_sck_o
set_instance_assignment -name IO_STANDARD "3.3-V LVTTL" -to spi_sdo_o
set_instance_assignment -name IO_STANDARD "3.3-V LVTTL" -to spi_sdi_i
set_instance_assignment -name IO_STANDARD "3.3-V LVTTL" -to spi_csn_o[0]
set_instance_assignment -name IO_STANDARD "3.3-V LVTTL" -to spi_csn_o[1]
set_instance_assignment -name IO_STANDARD "3.3-V LVTTL" -to spi_csn_o[2]
set_instance_assignment -name IO_STANDARD "3.3-V LVTTL" -to spi_csn_o[3]
set_instance_assignment -name IO_STANDARD "3.3-V LVTTL" -to spi_csn_o]4]
set_instance_assignment -name IO_STANDARD "3.3-V LVTTL" -to spi_csn_o[5]
set_instance_assignment -name IO_STANDARD "3.3-V LVTTL" -to spi_csn_o[6]
set_instance_assignment -name IO_STANDARD "3.3-V LVTTL" -to spi_csn_o[7]
# gpi connections
set_instance_assignment -name IO_STANDARD "3.3-V LVTTL" -to gpio_i[0]
set_instance_assignment -name IO_STANDARD "3.3-V LVTTL" -to gpio_i[1]
set_instance_assignment -name IO_STANDARD "3.3-V LVTTL" -to gpio_i[2]
set_instance_assignment -name IO_STANDARD "3.3-V LVTTL" -to gpio_i[3]
set_instance_assignment -name IO_STANDARD "3.3-V LVTTL" -to gpio_i[4]
set_instance_assignment -name IO_STANDARD "3.3-V LVTTL" -to gpio_i[5]
set_instance_assignment -name IO_STANDARD "3.3-V LVTTL" -to gpio_i[6]
set_instance_assignment -name IO_STANDARD "3.3-V LVTTL" -to gpio_i[7]
set_instance_assignment -name IO_STANDARD "3.3-V LVTTL" -to gpio_i[8]
set_instance_assignment -name IO_STANDARD "3.3-V LVTTL" -to gpio_i[9]
set_instance_assignment -name IO_STANDARD "3.3-V LVTTL" -to gpio_i[10]
set_instance_assignment -name IO_STANDARD "3.3-V LVTTL" -to gpio_i[11]
set_instance_assignment -name IO_STANDARD "3.3-V LVTTL" -to gpio_i[12]
set_instance_assignment -name IO_STANDARD "3.3-V LVTTL" -to gpio_i[13]
set_instance_assignment -name IO_STANDARD "3.3-V LVTTL" -to gpio_i[14]
set_instance_assignment -name IO_STANDARD "3.3-V LVTTL" -to gpio_i[15]
set_instance_assignment -name IO_STANDARD "3.3-V LVTTL" -to gpio_i[16]
set_instance_assignment -name IO_STANDARD "3.3-V LVTTL" -to gpio_i[17]
set_instance_assignment -name IO_STANDARD "3.3-V LVTTL" -to gpio_i[18]
set_instance_assignment -name IO_STANDARD "3.3-V LVTTL" -to gpio_i[19]
set_instance_assignment -name IO_STANDARD "3.3-V LVTTL" -to gpio_i[20]
set_instance_assignment -name IO_STANDARD "3.3-V LVTTL" -to gpio_i[21]
# gpo connections
set_instance_assignment -name IO_STANDARD "3.3-V LVTTL" -to gpio_o[8]
set_instance_assignment -name IO_STANDARD "3.3-V LVTTL" -to gpio_o[9]
set_instance_assignment -name IO_STANDARD "3.3-V LVTTL" -to gpio_o[10]
set_instance_assignment -name IO_STANDARD "3.3-V LVTTL" -to gpio_o[11]
set_instance_assignment -name IO_STANDARD "3.3-V LVTTL" -to gpio_o[12]
set_instance_assignment -name IO_STANDARD "3.3-V LVTTL" -to gpio_o[13]
set_instance_assignment -name IO_STANDARD "3.3-V LVTTL" -to gpio_o[14]
set_instance_assignment -name IO_STANDARD "3.3-V LVTTL" -to gpio_o[15]
set_instance_assignment -name IO_STANDARD "3.3-V LVTTL" -to gpio_o[16]
set_instance_assignment -name IO_STANDARD "3.3-V LVTTL" -to gpio_o[17]
set_instance_assignment -name IO_STANDARD "3.3-V LVTTL" -to gpio_o[18]
set_instance_assignment -name IO_STANDARD "3.3-V LVTTL" -to gpio_o[19]
set_instance_assignment -name IO_STANDARD "3.3-V LVTTL" -to gpio_o[20]
set_instance_assignment -name IO_STANDARD "3.3-V LVTTL" -to gpio_o[21]
# dotherboard select connections
set_instance_assignment -name IO_STANDARD "3.3-V LVTTL" -to gpio_o[22]
set_instance_assignment -name IO_STANDARD "3.3-V LVTTL" -to gpio_o[23]
# dotherboard data connections
set_instance_assignment -name IO_STANDARD "3.3-V LVTTL" -to gpio_o[24]
set_instance_assignment -name IO_STANDARD "3.3-V LVTTL" -to gpio_o[25]
set_instance_assignment -name IO_STANDARD "3.3-V LVTTL" -to gpio_o[26]
set_instance_assignment -name IO_STANDARD "3.3-V LVTTL" -to gpio_o[27]
set_instance_assignment -name IO_STANDARD "3.3-V LVTTL" -to gpio_o[28]
set_instance_assignment -name IO_STANDARD "3.3-V LVTTL" -to gpio_o[29]
set_instance_assignment -name IO_STANDARD "3.3-V LVTTL" -to gpio_o[30]
set_instance_assignment -name IO_STANDARD "3.3-V LVTTL" -to gpio_o[31]
# pwm connections
set_instance_assignment -name IO_STANDARD "3.3-V LVTTL" -to pwm_o[0]
set_instance_assignment -name IO_STANDARD "3.3-V LVTTL" -to pwm_o[1]
set_instance_assignment -name IO_STANDARD "3.3-V LVTTL" -to pwm_o[2]
set_instance_assignment -name IO_STANDARD "3.3-V LVTTL" -to pwm_o[3]
set_instance_assignment -name IO_STANDARD "3.3-V LVTTL" -to pwm_o[4]
set_instance_assignment -name IO_STANDARD "3.3-V LVTTL" -to pwm_o[5]
set_instance_assignment -name IO_STANDARD "3.3-V LVTTL" -to pwm_o[6]
set_instance_assignment -name IO_STANDARD "3.3-V LVTTL" -to pwm_o[7]
set_instance_assignment -name IO_STANDARD "3.3-V LVTTL" -to pwm_o[8]
set_instance_assignment -name IO_STANDARD "3.3-V LVTTL" -to pwm_o[9]
# external interrupts
set_instance_assignment -name IO_STANDARD "3.3-V LVTTL" -to xirq_i[0]
set_instance_assignment -name IO_STANDARD "3.3-V LVTTL" -to xirq_i[1]
# other
set_instance_assignment -name PARTITION_HIERARCHY root_partition -to | -section_id Top